{
  "name": "repro-abitype-error",
  "version": "1.0.0",
  "lockfileVersion": 3,
  "requires": true,
  "packages": {
    "": {
      "name": "repro-abitype-error",
      "version": "1.0.0",
      "license": "ISC",
      "dependencies": {
        "abitype": "^0.10.1",
        "typescript": "^5.2.2"
      }
    },
    "node_modules/abitype": {
      "version": "0.10.1",
      "resolved": "https://registry.npmjs.org/abitype/-/abitype-0.10.1.tgz",
      "integrity": "sha512-nFx5F2RniXGXw2Ci1uu6iDGnP/z3hW+H65G7cxrs5JDF3Ot9GuYkBJCRAB9EZ5QIi3dNByZaCrGFUn8LLkLQbw==",
      "funding": {
        "url": "https://github.com/sponsors/wagmi-dev"
      },
      "peerDependencies": {
        "typescript": ">=5.0.4",
        "zod": "^3 >=3.22.0"
      },
      "peerDependenciesMeta": {
        "typescript": {
          "optional": true
        },
        "zod": {
          "optional": true
        }
      }
    },
    "node_modules/typescript": {
      "version": "5.2.2",
      "resolved": "https://registry.npmjs.org/typescript/-/typescript-5.2.2.tgz",
      "integrity": "sha512-mI4WrpHsbCIcwT9cF4FZvr80QUeKvsUsUvKDoR+X/7XHQH98xYD8YHZg7ANtz2GtZt/CBq2QJ0thkGJMHfqc1w==",
      "bin": {
        "tsc": "bin/tsc",
        "tsserver": "bin/tsserver"
      },
      "engines": {
        "node": ">=14.17"
      }
    }
  }
}
